
Microsoft Visual Studio Solution File, Format Version 12.00
# Visual Studio Version 17
VisualStudioVersion = 17.13.35931.197 d17.13
MinimumVisualStudioVersion = 10.0.40219.1
Project("{FAE04EC0-301F-11D3-BF4B-00C04F79EFBC}") = "BlackJack", "BlackJack\BlackJack.csproj", "{C152D5AD-B078-4352-837D-096B9C574DA4}"
EndProject
Global
	GlobalSection(SolutionConfigurationPlatforms) = preSolution
		Debug|Any CPU = Debug|Any CPU
		Release|Any CPU = Release|Any CPU
	EndGlobalSection
	GlobalSection(ProjectConfigurationPlatforms) = postSolution
		{C152D5AD-B078-4352-837D-096B9C574DA4}.Debug|Any CPU.ActiveCfg = Debug|Any CPU
		{C152D5AD-B078-4352-837D-096B9C574DA4}.Debug|Any CPU.Build.0 = Debug|Any CPU
		{C152D5AD-B078-4352-837D-096B9C574DA4}.Release|Any CPU.ActiveCfg = Release|Any CPU
		{C152D5AD-B078-4352-837D-096B9C574DA4}.Release|Any CPU.Build.0 = Release|Any CPU
	EndGlobalSection
	GlobalSection(SolutionProperties) = preSolution
		HideSolutionNode = FALSE
	EndGlobalSection
	GlobalSection(ExtensibilityGlobals) = postSolution
		SolutionGuid = {C2A349C1-FBBB-46AE-8FD7-4A6544F3D968}
	EndGlobalSection
EndGlobal
